// !$*UTF8*$!
{
	archiveVersion = 1;
	classes = {
	};
	objectVersion = 56;
	objects = {

/* Begin PBXBuildFile section */
		9E90BF592A8BBBAE00B3D076 /* kanban_listApp.swift in Sources */ = {isa = PBXBuildFile; fileRef = 9E90BF582A8BBBAE00B3D076 /* kanban_listApp.swift */; };
		9E90BF5B2A8BBBAE00B3D076 /* ContentView.swift in Sources */ = {isa = PBXBuildFile; fileRef = 9E90BF5A2A8BBBAE00B3D076 /* ContentView.swift */; };
		9E90BF5D2A8BBBAF00B3D076 /* Assets.xcassets in Resources */ = {isa = PBXBuildFile; fileRef = 9E90BF5C2A8BBBAF00B3D076 /* Assets.xcassets */; };
		9E90BF602A8BBBAF00B3D076 /* Preview Assets.xcassets in Resources */ = {isa = PBXBuildFile; fileRef = 9E90BF5F2A8BBBAF00B3D076 /* Preview Assets.xcassets */; };
		9E90BF682A8BBDA600B3D076 /* Task.swift in Sources */ = {isa = PBXBuildFile; fileRef = 9E90BF672A8BBDA600B3D076 /* Task.swift */; };
		9E90BF6E2A8BBF7600B3D076 /* TodoView.swift in Sources */ = {isa = PBXBuildFile; fileRef = 9E90BF6D2A8BBF7600B3D076 /* TodoView.swift */; };
		9E90BF702A8BBFF700B3D076 /* WorkingView.swift in Sources */ = {isa = PBXBuildFile; fileRef = 9E90BF6F2A8BBFF700B3D076 /* WorkingView.swift */; };
		9E90BF722A8BC00700B3D076 /* CompletedView.swift in Sources */ = {isa = PBXBuildFile; fileRef = 9E90BF712A8BC00700B3D076 /* CompletedView.swift */; };
		9E90BF742A8BC11B00B3D076 /* TaskView.swift in Sources */ = {isa = PBXBuildFile; fileRef = 9E90BF732A8BC11B00B3D076 /* TaskView.swift */; };
		9E90BF792A8BC9C300B3D076 /* ApplicationData.swift in Sources */ = {isa = PBXBuildFile; fileRef = 9E90BF782A8BC9C300B3D076 /* ApplicationData.swift */; };
/* End PBXBuildFile section */

/* Begin PBXFileReference section */
		9E90BF552A8BBBAE00B3D076 /* kanban-list.app */ = {isa = PBXFileReference; explicitFileType = wrapper.application; includeInIndex = 0; path = "kanban-list.app"; sourceTree = BUILT_PRODUCTS_DIR; };
		9E90BF582A8BBBAE00B3D076 /* kanban_listApp.swift */ = {isa = PBXFileReference; lastKnownFileType = sourcecode.swift; path = kanban_listApp.swift; sourceTree = "<group>"; };
		9E90BF5A2A8BBBAE00B3D076 /* ContentView.swift */ = {isa = PBXFileReference; lastKnownFileType = sourcecode.swift; path = ContentView.swift; sourceTree = "<group>"; };
		9E90BF5C2A8BBBAF00B3D076 /* Assets.xcassets */ = {isa = PBXFileReference; lastKnownFileType = folder.assetcatalog; path = Assets.xcassets; sourceTree = "<group>"; };
		9E90BF5F2A8BBBAF00B3D076 /* Preview Assets.xcassets */ = {isa = PBXFileReference; lastKnownFileType = folder.assetcatalog; path = "Preview Assets.xcassets"; sourceTree = "<group>"; };
		9E90BF672A8BBDA600B3D076 /* Task.swift */ = {isa = PBXFileReference; lastKnownFileType = sourcecode.swift; path = Task.swift; sourceTree = "<group>"; };
		9E90BF6D2A8BBF7600B3D076 /* TodoView.swift */ = {isa = PBXFileReference; lastKnownFileType = sourcecode.swift; path = TodoView.swift; sourceTree = "<group>"; };
		9E90BF6F2A8BBFF700B3D076 /* WorkingView.swift */ = {isa = PBXFileReference; lastKnownFileType = sourcecode.swift; path = WorkingView.swift; sourceTree = "<group>"; };
		9E90BF712A8BC00700B3D076 /* CompletedView.swift */ = {isa = PBXFileReference; lastKnownFileType = sourcecode.swift; path = CompletedView.swift; sourceTree = "<group>"; };
		9E90BF732A8BC11B00B3D076 /* TaskView.swift */ = {isa = PBXFileReference; lastKnownFileType = sourcecode.swift; path = TaskView.swift; sourceTree = "<group>"; };
		9E90BF782A8BC9C300B3D076 /* ApplicationData.swift */ = {isa = PBXFileReference; lastKnownFileType = sourcecode.swift; path = ApplicationData.swift; sourceTree = "<group>"; };
/* End PBXFileReference section */

/* Begin PBXFrameworksBuildPhase section */
		9E90BF522A8BBBAE00B3D076 /* Frameworks */ = {
			isa = PBXFrameworksBuildPhase;
			buildActionMask = 2147483647;
			files = (
			);
			runOnlyForDeploymentPostprocessing = 0;
		};
/* End PBXFrameworksBuildPhase section */

/* Begin PBXGroup section */
		9E90BF4C2A8BBBAE00B3D076 = {
			isa = PBXGroup;
			children = (
				9E90BF572A8BBBAE00B3D076 /* kanban-list */,
				9E90BF562A8BBBAE00B3D076 /* Products */,
			);
			sourceTree = "<group>";
		};
		9E90BF562A8BBBAE00B3D076 /* Products */ = {
			isa = PBXGroup;
			children = (
				9E90BF552A8BBBAE00B3D076 /* kanban-list.app */,
			);
			name = Products;
			sourceTree = "<group>";
		};
		9E90BF572A8BBBAE00B3D076 /* kanban-list */ = {
			isa = PBXGroup;
			children = (
				9E90BF582A8BBBAE00B3D076 /* kanban_listApp.swift */,
				9E90BF662A8BBD9C00B3D076 /* Views */,
				9E90BF692A8BBDAC00B3D076 /* Models */,
				9E90BF5C2A8BBBAF00B3D076 /* Assets.xcassets */,
				9E90BF5E2A8BBBAF00B3D076 /* Preview Content */,
			);
			path = "kanban-list";
			sourceTree = "<group>";
		};
		9E90BF5E2A8BBBAF00B3D076 /* Preview Content */ = {
			isa = PBXGroup;
			children = (
				9E90BF5F2A8BBBAF00B3D076 /* Preview Assets.xcassets */,
			);
			path = "Preview Content";
			sourceTree = "<group>";
		};
		9E90BF662A8BBD9C00B3D076 /* Views */ = {
			isa = PBXGroup;
			children = (
				9E90BF5A2A8BBBAE00B3D076 /* ContentView.swift */,
				9E90BF6C2A8BBF6B00B3D076 /* TaskViews */,
			);
			path = Views;
			sourceTree = "<group>";
		};
		9E90BF692A8BBDAC00B3D076 /* Models */ = {
			isa = PBXGroup;
			children = (
				9E90BF672A8BBDA600B3D076 /* Task.swift */,
				9E90BF782A8BC9C300B3D076 /* ApplicationData.swift */,
			);
			path = Models;
			sourceTree = "<group>";
		};
		9E90BF6C2A8BBF6B00B3D076 /* TaskViews */ = {
			isa = PBXGroup;
			children = (
				9E90BF732A8BC11B00B3D076 /* TaskView.swift */,
				9E90BF6D2A8BBF7600B3D076 /* TodoView.swift */,
				9E90BF6F2A8BBFF700B3D076 /* WorkingView.swift */,
				9E90BF712A8BC00700B3D076 /* CompletedView.swift */,
			);
			path = TaskViews;
			sourceTree = "<group>";
		};
/* End PBXGroup section */

/* Begin PBXNativeTarget section */
		9E90BF542A8BBBAE00B3D076 /* kanban-list */ = {
			isa = PBXNativeTarget;
			buildConfigurationList = 9E90BF632A8BBBAF00B3D076 /* Build configuration list for PBXNativeTarget "kanban-list" */;
			buildPhases = (
				9E90BF512A8BBBAE00B3D076 /* Sources */,
				9E90BF522A8BBBAE00B3D076 /* Frameworks */,
				9E90BF532A8BBBAE00B3D076 /* Resources */,
			);
			buildRules = (
			);
			dependencies = (
			);
			name = "kanban-list";
			productName = "kanban-list";
			productReference = 9E90BF552A8BBBAE00B3D076 /* kanban-list.app */;
			productType = "com.apple.product-type.application";
		};
/* End PBXNativeTarget section */

/* Begin PBXProject section */
		9E90BF4D2A8BBBAE00B3D076 /* Project object */ = {
			isa = PBXProject;
			attributes = {
				BuildIndependentTargetsInParallel = 1;
				LastSwiftUpdateCheck = 1430;
				LastUpgradeCheck = 1430;
				TargetAttributes = {
					9E90BF542A8BBBAE00B3D076 = {
						CreatedOnToolsVersion = 14.3.1;
					};
				};
			};
			buildConfigurationList = 9E90BF502A8BBBAE00B3D076 /* Build configuration list for PBXProject "kanban-list" */;
			compatibilityVersion = "Xcode 14.0";
			developmentRegion = en;
			hasScannedForEncodings = 0;
			knownRegions = (
				en,
				Base,
			);
			mainGroup = 9E90BF4C2A8BBBAE00B3D076;
			productRefGroup = 9E90BF562A8BBBAE00B3D076 /* Products */;
			projectDirPath = "";
			projectRoot = "";
			targets = (
				9E90BF542A8BBBAE00B3D076 /* kanban-list */,
			);
		};
/* End PBXProject section */

/* Begin PBXResourcesBuildPhase section */
		9E90BF532A8BBBAE00B3D076 /* Resources */ = {
			isa = PBXResourcesBuildPhase;
			buildActionMask = 2147483647;
			files = (
				9E90BF602A8BBBAF00B3D076 /* Preview Assets.xcassets in Resources */,
				9E90BF5D2A8BBBAF00B3D076 /* Assets.xcassets in Resources */,
			);
			runOnlyForDeploymentPostprocessing = 0;
		};
/* End PBXResourcesBuildPhase section */

/* Begin PBXSourcesBuildPhase section */
		9E90BF512A8BBBAE00B3D076 /* Sources */ = {
			isa = PBXSourcesBuildPhase;
			buildActionMask = 2147483647;
			files = (
				9E90BF5B2A8BBBAE00B3D076 /* ContentView.swift in Sources */,
				9E90BF742A8BC11B00B3D076 /* TaskView.swift in Sources */,
				9E90BF792A8BC9C300B3D076 /* ApplicationData.swift in Sources */,
				9E90BF702A8BBFF700B3D076 /* WorkingView.swift in Sources */,
				9E90BF722A8BC00700B3D076 /* CompletedView.swift in Sources */,
				9E90BF682A8BBDA600B3D076 /* Task.swift in Sources */,
				9E90BF6E2A8BBF7600B3D076 /* TodoView.swift in Sources */,
				9E90BF592A8BBBAE00B3D076 /* kanban_listApp.swift in Sources */,
			);
			runOnlyForDeploymentPostprocessing = 0;
		};
/* End PBXSourcesBuildPhase section */

/* Begin XCBuildConfiguration section */
		9E90BF612A8BBBAF00B3D076 /* Debug */ = {
			isa = XCBuildConfiguration;
			buildSettings = {
				ALWAYS_SEARCH_USER_PATHS = NO;
				CLANG_ANALYZER_NONNULL = YES;
				CLANG_ANALYZER_NUMBER_OBJECT_CONVERSION = YES_AGGRESSIVE;
				CLANG_CXX_LANGUAGE_STANDARD = "gnu++20";
				CLANG_ENABLE_MODULES = YES;
				CLANG_ENABLE_OBJC_ARC = YES;
				CLANG_ENABLE_OBJC_WEAK = YES;
				CLANG_WARN_BLOCK_CAPTURE_AUTORELEASING = YES;
				CLANG_WARN_BOOL_CONVERSION = YES;
				CLANG_WARN_COMMA = YES;
				CLANG_WARN_CONSTANT_CONVERSION = YES;
				CLANG_WARN_DEPRECATED_OBJC_IMPLEMENTATIONS = YES;
				CLANG_WARN_DIRECT_OBJC_ISA_USAGE = YES_ERROR;
				CLANG_WARN_DOCUMENTATION_COMMENTS = YES;
				CLANG_WARN_EMPTY_BODY = YES;
				CLANG_WARN_ENUM_CONVERSION = YES;
				CLANG_WARN_INFINITE_RECURSION = YES;
				CLANG_WARN_INT_CONVERSION = YES;
				CLANG_WARN_NON_LITERAL_NULL_CONVERSION = YES;
				CLANG_WARN_OBJC_IMPLICIT_RETAIN_SELF = YES;
				CLANG_WARN_OBJC_LITERAL_CONVERSION = YES;
				CLANG_WARN_OBJC_ROOT_CLASS = YES_ERROR;
				CLANG_WARN_QUOTED_INCLUDE_IN_FRAMEWORK_HEADER = YES;
				CLANG_WARN_RANGE_LOOP_ANALYSIS = YES;
				CLANG_WARN_STRICT_PROTOTYPES = YES;
				CLANG_WARN_SUSPICIOUS_MOVE = YES;
				CLANG_WARN_UNGUARDED_AVAILABILITY = YES_AGGRESSIVE;
				CLANG_WARN_UNREACHABLE_CODE = YES;
				CLANG_WARN__DUPLICATE_METHOD_MATCH = YES;
				COPY_PHASE_STRIP = NO;
				DEBUG_INFORMATION_FORMAT = dwarf;
				ENABLE_STRICT_OBJC_MSGSEND = YES;
				ENABLE_TESTABILITY = YES;
				GCC_C_LANGUAGE_STANDARD = gnu11;
				GCC_DYNAMIC_NO_PIC = NO;
				GCC_NO_COMMON_BLOCKS = YES;
				GCC_OPTIMIZATION_LEVEL = 0;
				GCC_PREPROCESSOR_DEFINITIONS = (
					"DEBUG=1",
					"$(inherited)",
				);
				GCC_WARN_64_TO_32_BIT_CONVERSION = YES;
				GCC_WARN_ABOUT_RETURN_TYPE = YES_ERROR;
				GCC_WARN_UNDECLARED_SELECTOR = YES;
				GCC_WARN_UNINITIALIZED_AUTOS = YES_AGGRESSIVE;
				GCC_WARN_UNUSED_FUNCTION = YES;
				GCC_WARN_UNUSED_VARIABLE = YES;
				IPHONEOS_DEPLOYMENT_TARGET = 16.4;
				MTL_ENABLE_DEBUG_INFO = INCLUDE_SOURCE;
				MTL_FAST_MATH = YES;
				ONLY_ACTIVE_ARCH = YES;
				SDKROOT = iphoneos;
				SWIFT_ACTIVE_COMPILATION_CONDITIONS = DEBUG;
				SWIFT_OPTIMIZATION_LEVEL = "-Onone";
			};
			name = Debug;
		};
		9E90BF622A8BBBAF00B3D076 /* Release */ = {
			isa = XCBuildConfiguration;
			buildSettings = {
				ALWAYS_SEARCH_USER_PATHS = NO;
				CLANG_ANALYZER_NONNULL = YES;
				CLANG_ANALYZER_NUMBER_OBJECT_CONVERSION = YES_AGGRESSIVE;
				CLANG_CXX_LANGUAGE_STANDARD = "gnu++20";
				CLANG_ENABLE_MODULES = YES;
				CLANG_ENABLE_OBJC_ARC = YES;
				CLANG_ENABLE_OBJC_WEAK = YES;
				CLANG_WARN_BLOCK_CAPTURE_AUTORELEASING = YES;
				CLANG_WARN_BOOL_CONVERSION = YES;
				CLANG_WARN_COMMA = YES;
				CLANG_WARN_CONSTANT_CONVERSION = YES;
				CLANG_WARN_DEPRECATED_OBJC_IMPLEMENTATIONS = YES;
				CLANG_WARN_DIRECT_OBJC_ISA_USAGE = YES_ERROR;
				CLANG_WARN_DOCUMENTATION_COMMENTS = YES;
				CLANG_WARN_EMPTY_BODY = YES;
				CLANG_WARN_ENUM_CONVERSION = YES;
				CLANG_WARN_INFINITE_RECURSION = YES;
				CLANG_WARN_INT_CONVERSION = YES;
				CLANG_WARN_NON_LITERAL_NULL_CONVERSION = YES;
				CLANG_WARN_OBJC_IMPLICIT_RETAIN_SELF = YES;
				CLANG_WARN_OBJC_LITERAL_CONVERSION = YES;
				CLANG_WARN_OBJC_ROOT_CLASS = YES_ERROR;
				CLANG_WARN_QUOTED_INCLUDE_IN_FRAMEWORK_HEADER = YES;
				CLANG_WARN_RANGE_LOOP_ANALYSIS = YES;
				CLANG_WARN_STRICT_PROTOTYPES = YES;
				CLANG_WARN_SUSPICIOUS_MOVE = YES;
				CLANG_WARN_UNGUARDED_AVAILABILITY = YES_AGGRESSIVE;
				CLANG_WARN_UNREACHABLE_CODE = YES;
				CLANG_WARN__DUPLICATE_METHOD_MATCH = YES;
				COPY_PHASE_STRIP = NO;
				DEBUG_INFORMATION_FORMAT = "dwarf-with-dsym";
				ENABLE_NS_ASSERTIONS = NO;
				ENABLE_STRICT_OBJC_MSGSEND = YES;
				GCC_C_LANGUAGE_STANDARD = gnu11;
				GCC_NO_COMMON_BLOCKS = YES;
				GCC_WARN_64_TO_32_BIT_CONVERSION = YES;
				GCC_WARN_ABOUT_RETURN_TYPE = YES_ERROR;
				GCC_WARN_UNDECLARED_SELECTOR = YES;
				GCC_WARN_UNINITIALIZED_AUTOS = YES_AGGRESSIVE;
				GCC_WARN_UNUSED_FUNCTION = YES;
				GCC_WARN_UNUSED_VARIABLE = YES;
				IPHONEOS_DEPLOYMENT_TARGET = 16.4;
				MTL_ENABLE_DEBUG_INFO = NO;
				MTL_FAST_MATH = YES;
				SDKROOT = iphoneos;
				SWIFT_COMPILATION_MODE = wholemodule;
				SWIFT_OPTIMIZATION_LEVEL = "-O";
				VALIDATE_PRODUCT = YES;
			};
			name = Release;
		};
		9E90BF642A8BBBAF00B3D076 /* Debug */ = {
			isa = XCBuildConfiguration;
			buildSettings = {
				ASSETCATALOG_COMPILER_APPICON_NAME = AppIcon;
				ASSETCATALOG_COMPILER_GLOBAL_ACCENT_COLOR_NAME = AccentColor;
				CODE_SIGN_STYLE = Automatic;
				CURRENT_PROJECT_VERSION = 1;
				DEVELOPMENT_ASSET_PATHS = "\"kanban-list/Preview Content\"";
				DEVELOPMENT_TEAM = 4DQM269FVB;
				ENABLE_PREVIEWS = YES;
				GENERATE_INFOPLIST_FILE = YES;
				INFOPLIST_KEY_UIApplicationSceneManifest_Generation = YES;
				INFOPLIST_KEY_UIApplicationSupportsIndirectInputEvents = YES;
				INFOPLIST_KEY_UILaunchScreen_Generation = YES;
				INFOPLIST_KEY_UISupportedInterfaceOrientations_iPad = "UIInterfaceOrientationPortrait UIInterfaceOrientationPortraitUpsideDown UIInterfaceOrientationLandscapeLeft UIInterfaceOrientationLandscapeRight";
				INFOPLIST_KEY_UISupportedInterfaceOrientations_iPhone = "UIInterfaceOrientationPortrait UIInterfaceOrientationLandscapeLeft UIInterfaceOrientationLandscapeRight";
				LD_RUNPATH_SEARCH_PATHS = (
					"$(inherited)",
					"@executable_path/Frameworks",
				);
				MARKETING_VERSION = 1.0;
				PRODUCT_BUNDLE_IDENTIFIER = "com.kunwoo-kim.uikit.kanban-list";
				PRODUCT_NAME = "$(TARGET_NAME)";
				SWIFT_EMIT_LOC_STRINGS = YES;
				SWIFT_VERSION = 5.0;
				TARGETED_DEVICE_FAMILY = "1,2";
			};
			name = Debug;
		};
		9E90BF652A8BBBAF00B3D076 /* Release */ = {
			isa = XCBuildConfiguration;
			buildSettings = {
				ASSETCATALOG_COMPILER_APPICON_NAME = AppIcon;
				ASSETCATALOG_COMPILER_GLOBAL_ACCENT_COLOR_NAME = AccentColor;
				CODE_SIGN_STYLE = Automatic;
				CURRENT_PROJECT_VERSION = 1;
				DEVELOPMENT_ASSET_PATHS = "\"kanban-list/Preview Content\"";
				DEVELOPMENT_TEAM = 4DQM269FVB;
				ENABLE_PREVIEWS = YES;
				GENERATE_INFOPLIST_FILE = YES;
				INFOPLIST_KEY_UIApplicationSceneManifest_Generation = YES;
				INFOPLIST_KEY_UIApplicationSupportsIndirectInputEvents = YES;
				INFOPLIST_KEY_UILaunchScreen_Generation = YES;
				INFOPLIST_KEY_UISupportedInterfaceOrientations_iPad = "UIInterfaceOrientationPortrait UIInterfaceOrientationPortraitUpsideDown UIInterfaceOrientationLandscapeLeft UIInterfaceOrientationLandscapeRight";
				INFOPLIST_KEY_UISupportedInterfaceOrientations_iPhone = "UIInterfaceOrientationPortrait UIInterfaceOrientationLandscapeLeft UIInterfaceOrientationLandscapeRight";
				LD_RUNPATH_SEARCH_PATHS = (
					"$(inherited)",
					"@executable_path/Frameworks",
				);
				MARKETING_VERSION = 1.0;
				PRODUCT_BUNDLE_IDENTIFIER = "com.kunwoo-kim.uikit.kanban-list";
				PRODUCT_NAME = "$(TARGET_NAME)";
				SWIFT_EMIT_LOC_STRINGS = YES;
				SWIFT_VERSION = 5.0;
				TARGETED_DEVICE_FAMILY = "1,2";
			};
			name = Release;
		};
/* End XCBuildConfiguration section */

/* Begin XCConfigurationList section */
		9E90BF502A8BBBAE00B3D076 /* Build configuration list for PBXProject "kanban-list" */ = {
			isa = XCConfigurationList;
			buildConfigurations = (
				9E90BF612A8BBBAF00B3D076 /* Debug */,
				9E90BF622A8BBBAF00B3D076 /* Release */,
			);
			defaultConfigurationIsVisible = 0;
			defaultConfigurationName = Release;
		};
		9E90BF632A8BBBAF00B3D076 /* Build configuration list for PBXNativeTarget "kanban-list" */ = {
			isa = XCConfigurationList;
			buildConfigurations = (
				9E90BF642A8BBBAF00B3D076 /* Debug */,
				9E90BF652A8BBBAF00B3D076 /* Release */,
			);
			defaultConfigurationIsVisible = 0;
			defaultConfigurationName = Release;
		};
/* End XCConfigurationList section */
	};
	rootObject = 9E90BF4D2A8BBBAE00B3D076 /* Project object */;
}
